lockfileVersion: '9.0'

settings:
  autoInstallPeers: true
  excludeLinksFromLockfile: false

importers:

  .:
    dependencies:
      magic-regexp:
        specifier: ^0.11.0
        version: 0.11.0
      magic-string:
        specifier: ^0.30.21
        version: 0.30.21
      pathe:
        specifier: ^2.0.3
        version: 2.0.3
      siphash:
        specifier: ^1.1.0
        version: 1.2.0
    devDependencies:
      '@types/node':
        specifier: ^25.6.0
        version: 25.6.0
      fast-deep-equal:
        specifier: ^3.1.3
        version: 3.1.3
      oxc-parser:
        specifier: ^0.124.0
        version: 0.124.0(@emnapi/core@1.9.2)(@emnapi/runtime@1.9.2)
      oxc-transform:
        specifier: ^0.124.0
        version: 0.124.0(@emnapi/core@1.9.2)(@emnapi/runtime@1.9.2)
      oxc-walker:
        specifier: ^0.7.0
        version: 0.7.0(oxc-parser@0.124.0(@emnapi/core@1.9.2)(@emnapi/runtime@1.9.2))
      typescript:
        specifier: ^5.7.0
        version: 5.9.3
      vitest:
        specifier: ^4.1.4
        version: 4.1.4(@types/node@25.6.0)(vite@8.0.8(@types/node@25.6.0))

packages:

  '@emnapi/core@1.9.2':
    resolution: {integrity: sha512-UC+ZhH3XtczQYfOlu3lNEkdW/p4dsJ1r/bP7H8+rhao3TTTMO1ATq/4DdIi23XuGoFY+Cz0JmCbdVl0hz9jZcA==}

  '@emnapi/runtime@1.9.2':
    resolution: {integrity: sha512-3U4+MIWHImeyu1wnmVygh5WlgfYDtyf0k8AbLhMFxOipihf6nrWC4syIm/SwEeec0mNSafiiNnMJwbza/Is6Lw==}

  '@emnapi/wasi-threads@1.2.1':
    resolution: {integrity: sha512-uTII7OYF+/Mes/MrcIOYp5yOtSMLBWSIoLPpcgwipoiKbli6k322tcoFsxoIIxPDqW01SQGAgko4EzZi2BNv2w==}

  '@jridgewell/gen-mapping@0.3.13':
    resolution: {integrity: sha512-2kkt/7niJ6MgEPxF0bYdQ6etZaA+fQvDcLKckhy1yIQOzaoKjBBjSj63/aLVjYE3qhRt5dvM+uUyfCg6UKCBbA==}

  '@jridgewell/remapping@2.3.5':
    resolution: {integrity: sha512-LI9u/+laYG4Ds1TDKSJW2YPrIlcVYOwi2fUC6xB43lueCjgxV4lffOCZCtYFiH6TNOX+tQKXx97T4IKHbhyHEQ==}

  '@jridgewell/resolve-uri@3.1.2':
    resolution: {integrity: sha512-bRISgCIjP20/tbWSPWMEi54QVPRZExkuD9lJL+UIxUKtwVJA8wW1Trb1jMs1RFXo1CBTNZ/5hpC9QvmKWdopKw==}
    engines: {node: '>=6.0.0'}

  '@jridgewell/sourcemap-codec@1.5.5':
    resolution: {integrity: sha512-cYQ9310grqxueWbl+WuIUIaiUaDcj7WOq5fVhEljNVgRfOUhY9fy2zTvfoqWsnebh8Sl70VScFbICvJnLKB0Og==}

  '@jridgewell/trace-mapping@0.3.31':
    resolution: {integrity: sha512-zzNR+SdQSDJzc8joaeP8QQoCQr8NuYx2dIIytl1QeBEZHJ9uW6hebsrYgbz8hJwUQao3TWCMtmfV8Nu1twOLAw==}

  '@napi-rs/wasm-runtime@1.1.3':
    resolution: {integrity: sha512-xK9sGVbJWYb08+mTJt3/YV24WxvxpXcXtP6B172paPZ+Ts69Re9dAr7lKwJoeIx8OoeuimEiRZ7umkiUVClmmQ==}
    peerDependencies:
      '@emnapi/core': ^1.7.1
      '@emnapi/runtime': ^1.7.1

  '@oxc-parser/binding-android-arm-eabi@0.124.0':
    resolution: {integrity: sha512-+R9zCafSL8ovjokdPtorUp3sXrh8zQ2AC2L0ivXNvlLR0WS+5WdPkNVrnENq5UvzagM4Xgl0NPsJKz3Hv9+y8g==}
    engines: {node: ^20.19.0 || >=22.12.0}
    cpu: [arm]
    os: [android]

  '@oxc-parser/binding-android-arm64@0.124.0':
    resolution: {integrity: sha512-ULHC/gVZ+nP4pd3kNNQTYaQ/e066BW/KuY5qUsvwkVWwOUQGDg+WpfyVOmQ4xfxoue6cMlkKkJ+ntdzfDXpNlg==}
    engines: {node: ^20.19.0 || >=22.12.0}
    cpu: [arm64]
    os: [android]

  '@oxc-parser/binding-darwin-arm64@0.124.0':
    resolution: {integrity: sha512-fGJ2hw7bnbUYn6UvTjp0m4WJ9zXz3cohgcwcgeo7gUZehpPNpvcVEVeIVHNmHnAuAw/ysf4YJR8DA1E+xCA4Lw==}
    engines: {node: ^20.19.0 || >=22.12.0}
    cpu: [arm64]
    os: [darwin]

  '@oxc-parser/binding-darwin-x64@0.124.0':
    resolution: {integrity: sha512-j0+re9pgps5BH2Tk3fm59Hi3QuLP3C4KhqXi6A+wRHHHJWDFR8mc/KI9mBrfk2JRT+15doGo+zv1eN75/9DuOw==}
    engines: {node: ^20.19.0 || >=22.12.0}
    cpu: [x64]
    os: [darwin]

  '@oxc-parser/binding-freebsd-x64@0.124.0':
    resolution: {integrity: sha512-0k5mS0npnrhKy72UfF51lpOZ2ESoPWn6gdFw+RdeRWcokraDW1O2kSx3laQ+yk7cCEavQdJSpWCYS/GvBbUCXQ==}
    engines: {node: ^20.19.0 || >=22.12.0}
    cpu: [x64]
    os: [freebsd]

  '@oxc-parser/binding-linux-arm-gnueabihf@0.124.0':
    resolution: {integrity: sha512-P/i4eguRWvAUfGdfhQYg1jpwYkyUV6D3gefIH7HhmRl1Ph6P4IqTIEVcyJr1i/3vr1V5OHU4wonH6/ue/Qzvrw==}
    engines: {node: ^20.19.0 || >=22.12.0}
    cpu: [arm]
    os: [linux]

  '@oxc-parser/binding-linux-arm-musleabihf@0.124.0':
    resolution: {integrity: sha512-/ameqFQH5fFP+66Atr8Ynv/2rYe4utcU7L4MoWS5JtrFLVO78g4qDLavyIlJxa6caSwYOvG/eO3c/DXqY5/6Rw==}
    engines: {node: ^20.19.0 || >=22.12.0}
    cpu: [arm]
    os: [linux]

  '@oxc-parser/binding-linux-arm64-gnu@0.124.0':
    resolution: {integrity: sha512-gNeyEcXTtfrRCbj2EfxWU85Fs0wIX3p44Y3twnvuMfkWlLrb9M1Z25AYNSKjJM+fdAjeeQCjw0on47zFuBYwQw==}
    engines: {node: ^20.19.0 || >=22.12.0}
    cpu: [arm64]
    os: [linux]

  '@oxc-parser/binding-linux-arm64-musl@0.124.0':
    resolution: {integrity: sha512-uvG7v4Tz9S8/PVqY0SP0DLHxo4hZGe+Pv2tGVnwcsjKCCUPjplbrFVvDzXq+kOaEoUkiCY0Kt1hlZ6FDJ1LKNQ==}
    engines: {node: ^20.19.0 || >=22.12.0}
    cpu: [arm64]
    os: [linux]

  '@oxc-parser/binding-linux-ppc64-gnu@0.124.0':
    resolution: {integrity: sha512-t7KZaaUhfp2au0MRpoENEFqwLKYDdptEry6V7pTAVdPEcFG4P6ii8yeGU9m6p5vb+b8WEKmdpGMNXBEYy7iJdw==}
    engines: {node: ^20.19.0 || >=22.12.0}
    cpu: [ppc64]
    os: [linux]

  '@oxc-parser/binding-linux-riscv64-gnu@0.124.0':
    resolution: {integrity: sha512-eurGGaxHZiIQ+fBSageS8TAkRqZgdOiBeqNrWAqAPup9hXBTmQ0WcBjwsLElf+3jvDL9NhnX0dOgOqPfsjSjdg==}
    engines: {node: ^20.19.0 || >=22.12.0}
    cpu: [riscv64]
    os: [linux]

  '@oxc-parser/binding-linux-riscv64-musl@0.124.0':
    resolution: {integrity: sha512-d1V7/ll1i/LhqE/gZy6Wbz6evlk0egh2XKkwMI3epiojtbtUwQSLIER0Y3yDBBocPuWOjJdvmjtEmPTTLXje/w==}
    engines: {node: ^20.19.0 || >=22.12.0}
    cpu: [riscv64]
    os: [linux]

  '@oxc-parser/binding-linux-s390x-gnu@0.124.0':
    resolution: {integrity: sha512-w1+cBvriUteOpox6ATqCFVkpGL47PFdcfCPGmgUZbd78Fw44U0gQkc+kVGvAOTvGrptMYgwomD1c6OTVvkrpGg==}
    engines: {node: ^20.19.0 || >=22.12.0}
    cpu: [s390x]
    os: [linux]

  '@oxc-parser/binding-linux-x64-gnu@0.124.0':
    resolution: {integrity: sha512-RRB1evQiXRtMCsQQiAh9U0H3HzguLpE0ytfStuhRgmOj7tqUCOVxkHsvM9geZjAax6NqVRj7VXx32qjjkZPsBw==}
    engines: {node: ^20.19.0 || >=22.12.0}
    cpu: [x64]
    os: [linux]

  '@oxc-parser/binding-linux-x64-musl@0.124.0':
    resolution: {integrity: sha512-asVYN0qmSHlCU8H9Q47SmeJ/Z5EG4IWCC+QGxkfFboI5qh15aLlJnHmnrV61MwQRPXGnVC/sC3qKhrUyqGxUqw==}
    engines: {node: ^20.19.0 || >=22.12.0}
    cpu: [x64]
    os: [linux]

  '@oxc-parser/binding-openharmony-arm64@0.124.0':
    resolution: {integrity: sha512-nhwuxm6B8pn9lzAzMUfa571L5hCXYwQo8C8cx5aGOuHWCzruR8gPJnRRXGBci+uGaIIQEZDyU/U6HDgrSp/JlQ==}
    engines: {node: ^20.19.0 || >=22.12.0}
    cpu: [arm64]
    os: [openharmony]

  '@oxc-parser/binding-wasm32-wasi@0.124.0':
    resolution: {integrity: sha512-LWuq4Dl9tff7n+HjJcqoBjDlVCtruc0shgtdtGM+rTUIE9aFxHA/P+wCYR+aWMjN8m9vNaRME/sKXErmhmeKrA==}
    engines: {node: '>=14.0.0'}
    cpu: [wasm32]

  '@oxc-parser/binding-win32-arm64-msvc@0.124.0':
    resolution: {integrity: sha512-aOh3Lf3AeH0dgzT4yBXcArFZ8VhqNXwZ/xlN0GqBtgVaGoHOOqL2YHlcVIgT+ghsXPVR2PTtYgBiQ1CNK7jp5A==}
    engines: {node: ^20.19.0 || >=22.12.0}
    cpu: [arm64]
    os: [win32]

  '@oxc-parser/binding-win32-ia32-msvc@0.124.0':
    resolution: {integrity: sha512-sib5xC0nz/+SCpaETBuHBz4SXS02KuG5HtyOcHsO/SK5ZvLRGhOZx0elDKawjb6adFkD7dQCqpXUS25wY6ELKQ==}
    engines: {node: ^20.19.0 || >=22.12.0}
    cpu: [ia32]
    os: [win32]

  '@oxc-parser/binding-win32-x64-msvc@0.124.0':
    resolution: {integrity: sha512-UgojtjGUgZgAZQYt7SC6VO65OVdxEkRe2q+2vbHJO//18qw3Hrk6UvHGQKldsQKgbVcIBT/YBrt85YberiYIPQ==}
    engines: {node: ^20.19.0 || >=22.12.0}
    cpu: [x64]
    os: [win32]

  '@oxc-project/types@0.124.0':
    resolution: {integrity: sha512-VBFWMTBvHxS11Z5Lvlr3IWgrwhMTXV+Md+EQF0Xf60+wAdsGFTBx7X7K/hP4pi8N7dcm1RvcHwDxZ16Qx8keUg==}

  '@oxc-transform/binding-android-arm-eabi@0.124.0':
    resolution: {integrity: sha512-A7r8E94VSRnWlsquGXaW2rmpVcruNOTE4a/7+NCVOtlRUlbmd37bOfv0T47MLIN378uES7yldftCwcVMBG39ig==}
    engines: {node: ^20.19.0 || >=22.12.0}
    cpu: [arm]
    os: [android]

  '@oxc-transform/binding-android-arm64@0.124.0':
    resolution: {integrity: sha512-vfxxGti1ihWIOjgJOhS6HKIDqp7rszhmbTTgi81otUbJZ/1OWAMcKQyBvKb80hZabdvxU+dxzjGXottW2K/LMw==}
    engines: {node: ^20.19.0 || >=22.12.0}
    cpu: [arm64]
    os: [android]

  '@oxc-transform/binding-darwin-arm64@0.124.0':
    resolution: {integrity: sha512-goa0sKt6dymRY9kUCA/EgXDJUQq0dj8Acedn7FkjV77RxYZjykexlAV+amM7FnuD3vGTiG5DfL3j4WKWFGnFKA==}
    engines: {node: ^20.19.0 || >=22.12.0}
    cpu: [arm64]
    os: [darwin]

  '@oxc-transform/binding-darwin-x64@0.124.0':
    resolution: {integrity: sha512-fNzAFPbPPZDtoXlVwfXWaqp75bPdsNNqbCTnBSsT8qssQoo3Wy8H0fF1U+ltv/9z/UxkGwKow3X4LUaWiHacfw==}
    engines: {node: ^20.19.0 || >=22.12.0}
    cpu: [x64]
    os: [darwin]

  '@oxc-transform/binding-freebsd-x64@0.124.0':
    resolution: {integrity: sha512-GxMoOttUJBXjTYrpj0S24dpDSuTqUScgNmNHN9ICIh5uN4pTQ/2DI+tp8LX5170fZuvU2dpkZvhJT7hNthqWhA==}
    engines: {node: ^20.19.0 || >=22.12.0}
    cpu: [x64]
    os: [freebsd]

  '@oxc-transform/binding-linux-arm-gnueabihf@0.124.0':
    resolution: {integrity: sha512-Tjhs7VKsFoyZ6+sYLJ4JeQuqxouTMTSdkxPeCPJuQ9TkAlA8Pz8JnlF3V0fxSLkQfz0lYSRvA6J9/RUO5r7+8Q==}
    engines: {node: ^20.19.0 || >=22.12.0}
    cpu: [arm]
    os: [linux]

  '@oxc-transform/binding-linux-arm-musleabihf@0.124.0':
    resolution: {integrity: sha512-3GFThaQKrokWlz5PxclCwuYmNJpiqJ8pECShmaUJ0ACQlzlvXmXLdWy7ImfygGeqKIWq0N7Ps/+fH4gIrsaVRg==}
    engines: {node: ^20.19.0 || >=22.12.0}
    cpu: [arm]
    os: [linux]

  '@oxc-transform/binding-linux-arm64-gnu@0.124.0':
    resolution: {integrity: sha512-dY4cbuDbKPEpbxRe85imTO7pRba83z/sAmcYPUtb6ZvOEI4cEY8h0nMI5YRmeZMBF5xXQ1a95fyiDf35f63keQ==}
    engines: {node: ^20.19.0 || >=22.12.0}
    cpu: [arm64]
    os: [linux]

  '@oxc-transform/binding-linux-arm64-musl@0.124.0':
    resolution: {integrity: sha512-X5jBDOv7df39YNp9rq3oGo9SAWhtChJYxPnwHzm9FdvbQ6NmASxylipWXnKu6M025Dwpg/1bjiBbG9XuYhXBFA==}
    engines: {node: ^20.19.0 || >=22.12.0}
    cpu: [arm64]
    os: [linux]

  '@oxc-transform/binding-linux-ppc64-gnu@0.124.0':
    resolution: {integrity: sha512-e4oc7gBUPnroe+dhTT+mOtXkXcWkSZZojd4xDpMKAhy6hpKUVBotnudoEPIR7HAOXRmktlgx5ab2zSnYR2kydA==}
    engines: {node: ^20.19.0 || >=22.12.0}
    cpu: [ppc64]
    os: [linux]

  '@oxc-transform/binding-linux-riscv64-gnu@0.124.0':
    resolution: {integrity: sha512-t+WUSyPoq0kobE+AKVHOHQMdijjA8RxhDwYSVgPHAF5c4mPwkD9EtZj1FyBNtRYgRuPQq8dWHGnNZXyFouNJ5w==}
    engines: {node: ^20.19.0 || >=22.12.0}
    cpu: [riscv64]
    os: [linux]

  '@oxc-transform/binding-linux-riscv64-musl@0.124.0':
    resolution: {integrity: sha512-jNApR8gnWbR2zYM+a04jve2xa7qi25zYYb7feTrpV98J+YJaiPVJhzoXHxnKQGKSj7oMt6n6YK1QQVG+LlVpjw==}
    engines: {node: ^20.19.0 || >=22.12.0}
    cpu: [riscv64]
    os: [linux]

  '@oxc-transform/binding-linux-s390x-gnu@0.124.0':
    resolution: {integrity: sha512-SxLmO/ycauLKadwP9dvRpt8qRKZKaQER1OnvC6eY8hKXiN0EF+pL5QaPIIje7PV8sieRrrOcrSeKFBv+C6t0Ug==}
    engines: {node: ^20.19.0 || >=22.12.0}
    cpu: [s390x]
    os: [linux]

  '@oxc-transform/binding-linux-x64-gnu@0.124.0':
    resolution: {integrity: sha512-TsPm58U1lq3rzhxegdMiy7ej0M3xKIxm+IHfgOg/n8g95fGT9D0E1sswTRBlAQtkXPnVfuqW8Hxf8t/4fCjqzw==}
    engines: {node: ^20.19.0 || >=22.12.0}
    cpu: [x64]
    os: [linux]

  '@oxc-transform/binding-linux-x64-musl@0.124.0':
    resolution: {integrity: sha512-nRg8/cItmAlKZD+jE5YqwDdvZ0GkvJAMavBshm0awhDn5RURWE5317QwDOvR3bZviRInv62C3eYMZdk0O64zPw==}
    engines: {node: ^20.19.0 || >=22.12.0}
    cpu: [x64]
    os: [linux]

  '@oxc-transform/binding-openharmony-arm64@0.124.0':
    resolution: {integrity: sha512-NBDXwqbaYvjRy0wslzP/2V4L59r930htq4merS3HHBKI994J36zPZF6732bw6CUfUnXObe0qfOWPMmH+8f3ktw==}
    engines: {node: ^20.19.0 || >=22.12.0}
    cpu: [arm64]
    os: [openharmony]

  '@oxc-transform/binding-wasm32-wasi@0.124.0':
    resolution: {integrity: sha512-iK+9DYYI/eqEWAMZ40b2ip5OiMv/BSyR0jCc5rLE1PAVUFyFHglxLv8sInZqFnkWpnlvlfTZy71GNDn6fq+xFQ==}
    engines: {node: '>=14.0.0'}
    cpu: [wasm32]

  '@oxc-transform/binding-win32-arm64-msvc@0.124.0':
    resolution: {integrity: sha512-GffpZFW5mBAIxbFoNrGagNqloFU2gAM+wFEuzGsPu2CmcZqsbKzbf5ydU3sUlEt0kxXqW9IYsZhXsa2fnkzMpw==}
    engines: {node: ^20.19.0 || >=22.12.0}
    cpu: [arm64]
    os: [win32]

  '@oxc-transform/binding-win32-ia32-msvc@0.124.0':
    resolution: {integrity: sha512-S+GHzB7y62H0tZIMRC5NIuB247xb5DYhnha/KcIBCCmcxl8rg9bJOez5Kyfd2yfda2LjqPdrx6GalZmhj2wJgg==}
    engines: {node: ^20.19.0 || >=22.12.0}
    cpu: [ia32]
    os: [win32]

  '@oxc-transform/binding-win32-x64-msvc@0.124.0':
    resolution: {integrity: sha512-zRQMSYNrqUJfbAKOPhFFqo0aiAA850/ZVyrDIGbbbCaF499OwdK6Odt7TRsy97hgEW1w73gKO4KV6Y/HZV42Zg==}
    engines: {node: ^20.19.0 || >=22.12.0}
    cpu: [x64]
    os: [win32]

  '@rolldown/binding-android-arm64@1.0.0-rc.15':
    resolution: {integrity: sha512-YYe6aWruPZDtHNpwu7+qAHEMbQ/yRl6atqb/AhznLTnD3UY99Q1jE7ihLSahNWkF4EqRPVC4SiR4O0UkLK02tA==}
    engines: {node: ^20.19.0 || >=22.12.0}
    cpu: [arm64]
    os: [android]

  '@rolldown/binding-darwin-arm64@1.0.0-rc.15':
    resolution: {integrity: sha512-oArR/ig8wNTPYsXL+Mzhs0oxhxfuHRfG7Ikw7jXsw8mYOtk71W0OkF2VEVh699pdmzjPQsTjlD1JIOoHkLP1Fg==}
    engines: {node: ^20.19.0 || >=22.12.0}
    cpu: [arm64]
    os: [darwin]

  '@rolldown/binding-darwin-x64@1.0.0-rc.15':
    resolution: {integrity: sha512-YzeVqOqjPYvUbJSWJ4EDL8ahbmsIXQpgL3JVipmN+MX0XnXMeWomLN3Fb+nwCmP/jfyqte5I3XRSm7OfQrbyxw==}
    engines: {node: ^20.19.0 || >=22.12.0}
    cpu: [x64]
    os: [darwin]

  '@rolldown/binding-freebsd-x64@1.0.0-rc.15':
    resolution: {integrity: sha512-9Erhx956jeQ0nNTyif1+QWAXDRD38ZNjr//bSHrt6wDwB+QkAfl2q6Mn1k6OBPerznjRmbM10lgRb1Pli4xZPw==}
    engines: {node: ^20.19.0 || >=22.12.0}
    cpu: [x64]
    os: [freebsd]

  '@rolldown/binding-linux-arm-gnueabihf@1.0.0-rc.15':
    resolution: {integrity: sha512-cVwk0w8QbZJGTnP/AHQBs5yNwmpgGYStL88t4UIaqcvYJWBfS0s3oqVLZPwsPU6M0zlW4GqjP0Zq5MnAGwFeGA==}
    engines: {node: ^20.19.0 || >=22.12.0}
    cpu: [arm]
    os: [linux]

  '@rolldown/binding-linux-arm64-gnu@1.0.0-rc.15':
    resolution: {integrity: sha512-eBZ/u8iAK9SoHGanqe/jrPnY0JvBN6iXbVOsbO38mbz+ZJsaobExAm1Iu+rxa4S1l2FjG0qEZn4Rc6X8n+9M+w==}
    engines: {node: ^20.19.0 || >=22.12.0}
    cpu: [arm64]
    os: [linux]

  '@rolldown/binding-linux-arm64-musl@1.0.0-rc.15':
    resolution: {integrity: sha512-ZvRYMGrAklV9PEkgt4LQM6MjQX2P58HPAuecwYObY2DhS2t35R0I810bKi0wmaYORt6m/2Sm+Z+nFgb0WhXNcQ==}
    engines: {node: ^20.19.0 || >=22.12.0}
    cpu: [arm64]
    os: [linux]

  '@rolldown/binding-linux-ppc64-gnu@1.0.0-rc.15':
    resolution: {integrity: sha512-VDpgGBzgfg5hLg+uBpCLoFG5kVvEyafmfxGUV0UHLcL5irxAK7PKNeC2MwClgk6ZAiNhmo9FLhRYgvMmedLtnQ==}
    engines: {node: ^20.19.0 || >=22.12.0}
    cpu: [ppc64]
    os: [linux]

  '@rolldown/binding-linux-s390x-gnu@1.0.0-rc.15':
    resolution: {integrity: sha512-y1uXY3qQWCzcPgRJATPSOUP4tCemh4uBdY7e3EZbVwCJTY3gLJWnQABgeUetvED+bt1FQ01OeZwvhLS2bpNrAQ==}
    engines: {node: ^20.19.0 || >=22.12.0}
    cpu: [s390x]
    os: [linux]

  '@rolldown/binding-linux-x64-gnu@1.0.0-rc.15':
    resolution: {integrity: sha512-023bTPBod7J3Y/4fzAN6QtpkSABR0rigtrwaP+qSEabUh5zf6ELr9Nc7GujaROuPY3uwdSIXWrvhn1KxOvurWA==}
    engines: {node: ^20.19.0 || >=22.12.0}
    cpu: [x64]
    os: [linux]

  '@rolldown/binding-linux-x64-musl@1.0.0-rc.15':
    resolution: {integrity: sha512-witB2O0/hU4CgfOOKUoeFgQ4GktPi1eEbAhaLAIpgD6+ZnhcPkUtPsoKKHRzmOoWPZue46IThdSgdo4XneOLYw==}
    engines: {node: ^20.19.0 || >=22.12.0}
    cpu: [x64]
    os: [linux]

  '@rolldown/binding-openharmony-arm64@1.0.0-rc.15':
    resolution: {integrity: sha512-UCL68NJ0Ud5zRipXZE9dF5PmirzJE4E4BCIOOssEnM7wLDsxjc6Qb0sGDxTNRTP53I6MZpygyCpY8Aa8sPfKPg==}
    engines: {node: ^20.19.0 || >=22.12.0}
    cpu: [arm64]
    os: [openharmony]

  '@rolldown/binding-wasm32-wasi@1.0.0-rc.15':
    resolution: {integrity: sha512-ApLruZq/ig+nhaE7OJm4lDjayUnOHVUa77zGeqnqZ9pn0ovdVbbNPerVibLXDmWeUZXjIYIT8V3xkT58Rm9u5Q==}
    engines: {node: '>=14.0.0'}
    cpu: [wasm32]

  '@rolldown/binding-win32-arm64-msvc@1.0.0-rc.15':
    resolution: {integrity: sha512-KmoUoU7HnN+Si5YWJigfTws1jz1bKBYDQKdbLspz0UaqjjFkddHsqorgiW1mxcAj88lYUE6NC/zJNwT+SloqtA==}
    engines: {node: ^20.19.0 || >=22.12.0}
    cpu: [arm64]
    os: [win32]

  '@rolldown/binding-win32-x64-msvc@1.0.0-rc.15':
    resolution: {integrity: sha512-3P2A8L+x75qavWLe/Dll3EYBJLQmtkJN8rfh+U/eR3MqMgL/h98PhYI+JFfXuDPgPeCB7iZAKiqii5vqOvnA0g==}
    engines: {node: ^20.19.0 || >=22.12.0}
    cpu: [x64]
    os: [win32]

  '@rolldown/pluginutils@1.0.0-rc.15':
    resolution: {integrity: sha512-UromN0peaE53IaBRe9W7CjrZgXl90fqGpK+mIZbA3qSTeYqg3pqpROBdIPvOG3F5ereDHNwoHBI2e50n1BDr1g==}

  '@standard-schema/spec@1.1.0':
    resolution: {integrity: sha512-l2aFy5jALhniG5HgqrD6jXLi/rUWrKvqN/qJx6yoJsgKhblVd+iqqU4RCXavm/jPityDo5TCvKMnpjKnOriy0w==}

  '@tybys/wasm-util@0.10.1':
    resolution: {integrity: sha512-9tTaPJLSiejZKx+Bmog4uSubteqTvFrVrURwkmHixBo0G4seD0zUxp98E1DzUBJxLQ3NPwXrGKDiVjwx/DpPsg==}

  '@types/chai@5.2.3':
    resolution: {integrity: sha512-Mw558oeA9fFbv65/y4mHtXDs9bPnFMZAL/jxdPFUpOHHIXX91mcgEHbS5Lahr+pwZFR8A7GQleRWeI6cGFC2UA==}

  '@types/deep-eql@4.0.2':
    resolution: {integrity: sha512-c9h9dVVMigMPc4bwTvC5dxqtqJZwQPePsWjPlpSOnojbor6pGqdk541lfA7AqFQr5pB1BRdq0juY9db81BwyFw==}

  '@types/estree@1.0.8':
    resolution: {integrity: sha512-dWHzHa2WqEXI/O1E9OjrocMTKJl2mSrEolh1Iomrv6U+JuNwaHXsXx9bLu5gG7BUWFIN0skIQJQ/L1rIex4X6w==}

  '@types/node@25.6.0':
    resolution: {integrity: sha512-+qIYRKdNYJwY3vRCZMdJbPLJAtGjQBudzZzdzwQYkEPQd+PJGixUL5QfvCLDaULoLv+RhT3LDkwEfKaAkgSmNQ==}

  '@vitest/expect@4.1.4':
    resolution: {integrity: sha512-iPBpra+VDuXmBFI3FMKHSFXp3Gx5HfmSCE8X67Dn+bwephCnQCaB7qWK2ldHa+8ncN8hJU8VTMcxjPpyMkUjww==}

  '@vitest/mocker@4.1.4':
    resolution: {integrity: sha512-R9HTZBhW6yCSGbGQnDnH3QHfJxokKN4KB+Yvk9Q1le7eQNYwiCyKxmLmurSpFy6BzJanSLuEUDrD+j97Q+ZLPg==}
    peerDependencies:
      msw: ^2.4.9
      vite: ^6.0.0 || ^7.0.0 || ^8.0.0
    peerDependenciesMeta:
      msw:
        optional: true
      vite:
        optional: true

  '@vitest/pretty-format@4.1.4':
    resolution: {integrity: sha512-ddmDHU0gjEUyEVLxtZa7xamrpIefdEETu3nZjWtHeZX4QxqJ7tRxSteHVXJOcr8jhiLoGAhkK4WJ3WqBpjx42A==}

  '@vitest/runner@4.1.4':
    resolution: {integrity: sha512-xTp7VZ5aXP5ZJrn15UtJUWlx6qXLnGtF6jNxHepdPHpMfz/aVPx+htHtgcAL2mDXJgKhpoo2e9/hVJsIeFbytQ==}

  '@vitest/snapshot@4.1.4':
    resolution: {integrity: sha512-MCjCFgaS8aZz+m5nTcEcgk/xhWv0rEH4Yl53PPlMXOZ1/Ka2VcZU6CJ+MgYCZbcJvzGhQRjVrGQNZqkGPttIKw==}

  '@vitest/spy@4.1.4':
    resolution: {integrity: sha512-XxNdAsKW7C+FLydqFJLb5KhJtl3PGCMmYwFRfhvIgxJvLSXhhVI1zM8f1qD3Zg7RCjTSzDVyct6sghs9UEgBEQ==}

  '@vitest/utils@4.1.4':
    resolution: {integrity: sha512-13QMT+eysM5uVGa1rG4kegGYNp6cnQcsTc67ELFbhNLQO+vgsygtYJx2khvdt4gVQqSSpC/KT5FZZxUpP3Oatw==}

  acorn@8.16.0:
    resolution: {integrity: sha512-UVJyE9MttOsBQIDKw1skb9nAwQuR5wuGD3+82K6JgJlm/Y+KI92oNsMNGZCYdDsVtRHSak0pcV5Dno5+4jh9sw==}
    engines: {node: '>=0.4.0'}
    hasBin: true

  assertion-error@2.0.1:
    resolution: {integrity: sha512-Izi8RQcffqCeNVgFigKli1ssklIbpHnCYc6AknXGYoB6grJqyeby7jv12JUQgmTAnIDnbck1uxksT4dzN3PWBA==}
    engines: {node: '>=12'}

  chai@6.2.2:
    resolution: {integrity: sha512-NUPRluOfOiTKBKvWPtSD4PhFvWCqOi0BGStNWs57X9js7XGTprSmFoz5F0tWhR4WPjNeR9jXqdC7/UpSJTnlRg==}
    engines: {node: '>=18'}

  confbox@0.1.8:
    resolution: {integrity: sha512-RMtmw0iFkeR4YV+fUOSucriAQNb9g8zFR52MWCtl+cCZOFRNL6zeB395vPzFhEjjn4fMxXudmELnl/KF/WrK6w==}

  convert-source-map@2.0.0:
    resolution: {integrity: sha512-Kvp459HrV2FEJ1CAsi1Ku+MY3kasH19TFykTz2xWmMeq6bk2NU3XXvfJ+Q61m0xktWwt+1HSYf3JZsTms3aRJg==}

  detect-libc@2.1.2:
    resolution: {integrity: sha512-Btj2BOOO83o3WyH59e8MgXsxEQVcarkUOpEYrubB0urwnN10yQ364rsiByU11nZlqWYZm05i/of7io4mzihBtQ==}
    engines: {node: '>=8'}

  es-module-lexer@2.0.0:
    resolution: {integrity: sha512-5POEcUuZybH7IdmGsD8wlf0AI55wMecM9rVBTI/qEAy2c1kTOm3DjFYjrBdI2K3BaJjJYfYFeRtM0t9ssnRuxw==}

  estree-walker@3.0.3:
    resolution: {integrity: sha512-7RUKfXgSMMkzt6ZuXmqapOurLGPPfgj6l9uRZ7lRGolvk0y2yocc35LdcxKC5PQZdn2DMqioAQ2NoWcrTKmm6g==}

  expect-type@1.3.0:
    resolution: {integrity: sha512-knvyeauYhqjOYvQ66MznSMs83wmHrCycNEN6Ao+2AeYEfxUIkuiVxdEa1qlGEPK+We3n0THiDciYSsCcgW/DoA==}
    engines: {node: '>=12.0.0'}

  fast-deep-equal@3.1.3:
    resolution: {integrity: sha512-f3qQ9oQy9j2AhBe/H9VC91wLmKBCCU/gDOnKNAYG5hswO7BLKj09Hc5HYNz9cGI++xlpDCIgDaitVs03ATR84Q==}

  fdir@6.5.0:
    resolution: {integrity: sha512-tIbYtZbucOs0BRGqPJkshJUYdL+SDH7dVM8gjy+ERp3WAUjLEFJE+02kanyHtwjWOnwrKYBiwAmM0p4kLJAnXg==}
    engines: {node: '>=12.0.0'}
    peerDependencies:
      picomatch: ^3 || ^4
    peerDependenciesMeta:
      picomatch:
        optional: true

  fsevents@2.3.3:
    resolution: {integrity: sha512-5xoDfX+fL7faATnagmWPpbFtwh/R77WmMMqqHGS65C3vvB0YHrgF+B1YmZ3441tMj5n63k0212XNoJwzlhffQw==}
    engines: {node: ^8.16.0 || ^10.6.0 || >=11.0.0}
    os: [darwin]

  lightningcss-android-arm64@1.32.0:
    resolution: {integrity: sha512-YK7/ClTt4kAK0vo6w3X+Pnm0D2cf2vPHbhOXdoNti1Ga0al1P4TBZhwjATvjNwLEBCnKvjJc2jQgHXH0NEwlAg==}
    engines: {node: '>= 12.0.0'}
    cpu: [arm64]
    os: [android]

  lightningcss-darwin-arm64@1.32.0:
    resolution: {integrity: sha512-RzeG9Ju5bag2Bv1/lwlVJvBE3q6TtXskdZLLCyfg5pt+HLz9BqlICO7LZM7VHNTTn/5PRhHFBSjk5lc4cmscPQ==}
    engines: {node: '>= 12.0.0'}
    cpu: [arm64]
    os: [darwin]

  lightningcss-darwin-x64@1.32.0:
    resolution: {integrity: sha512-U+QsBp2m/s2wqpUYT/6wnlagdZbtZdndSmut/NJqlCcMLTWp5muCrID+K5UJ6jqD2BFshejCYXniPDbNh73V8w==}
    engines: {node: '>= 12.0.0'}
    cpu: [x64]
    os: [darwin]

  lightningcss-freebsd-x64@1.32.0:
    resolution: {integrity: sha512-JCTigedEksZk3tHTTthnMdVfGf61Fky8Ji2E4YjUTEQX14xiy/lTzXnu1vwiZe3bYe0q+SpsSH/CTeDXK6WHig==}
    engines: {node: '>= 12.0.0'}
    cpu: [x64]
    os: [freebsd]

  lightningcss-linux-arm-gnueabihf@1.32.0:
    resolution: {integrity: sha512-x6rnnpRa2GL0zQOkt6rts3YDPzduLpWvwAF6EMhXFVZXD4tPrBkEFqzGowzCsIWsPjqSK+tyNEODUBXeeVHSkw==}
    engines: {node: '>= 12.0.0'}
    cpu: [arm]
    os: [linux]

  lightningcss-linux-arm64-gnu@1.32.0:
    resolution: {integrity: sha512-0nnMyoyOLRJXfbMOilaSRcLH3Jw5z9HDNGfT/gwCPgaDjnx0i8w7vBzFLFR1f6CMLKF8gVbebmkUN3fa/kQJpQ==}
    engines: {node: '>= 12.0.0'}
    cpu: [arm64]
    os: [linux]

  lightningcss-linux-arm64-musl@1.32.0:
    resolution: {integrity: sha512-UpQkoenr4UJEzgVIYpI80lDFvRmPVg6oqboNHfoH4CQIfNA+HOrZ7Mo7KZP02dC6LjghPQJeBsvXhJod/wnIBg==}
    engines: {node: '>= 12.0.0'}
    cpu: [arm64]
    os: [linux]

  lightningcss-linux-x64-gnu@1.32.0:
    resolution: {integrity: sha512-V7Qr52IhZmdKPVr+Vtw8o+WLsQJYCTd8loIfpDaMRWGUZfBOYEJeyJIkqGIDMZPwPx24pUMfwSxxI8phr/MbOA==}
    engines: {node: '>= 12.0.0'}
    cpu: [x64]
    os: [linux]

  lightningcss-linux-x64-musl@1.32.0:
    resolution: {integrity: sha512-bYcLp+Vb0awsiXg/80uCRezCYHNg1/l3mt0gzHnWV9XP1W5sKa5/TCdGWaR/zBM2PeF/HbsQv/j2URNOiVuxWg==}
    engines: {node: '>= 12.0.0'}
    cpu: [x64]
    os: [linux]

  lightningcss-win32-arm64-msvc@1.32.0:
    resolution: {integrity: sha512-8SbC8BR40pS6baCM8sbtYDSwEVQd4JlFTOlaD3gWGHfThTcABnNDBda6eTZeqbofalIJhFx0qKzgHJmcPTnGdw==}
    engines: {node: '>= 12.0.0'}
    cpu: [arm64]
    os: [win32]

  lightningcss-win32-x64-msvc@1.32.0:
    resolution: {integrity: sha512-Amq9B/SoZYdDi1kFrojnoqPLxYhQ4Wo5XiL8EVJrVsB8ARoC1PWW6VGtT0WKCemjy8aC+louJnjS7U18x3b06Q==}
    engines: {node: '>= 12.0.0'}
    cpu: [x64]
    os: [win32]

  lightningcss@1.32.0:
    resolution: {integrity: sha512-NXYBzinNrblfraPGyrbPoD19C1h9lfI/1mzgWYvXUTe414Gz/X1FD2XBZSZM7rRTrMA8JL3OtAaGifrIKhQ5yQ==}
    engines: {node: '>= 12.0.0'}

  magic-regexp@0.10.0:
    resolution: {integrity: sha512-Uly1Bu4lO1hwHUW0CQeSWuRtzCMNO00CmXtS8N6fyvB3B979GOEEeAkiTUDsmbYLAbvpUS/Kt5c4ibosAzVyVg==}

  magic-regexp@0.11.0:
    resolution: {integrity: sha512-LG77Z/gVnwz7oaDpD4heX6ryl+lcr4l1B2gnP4MMvt2pGhGC1Dfj7dl1pXpP4ih+VQFLuAadeKVa+lARAzfW+Q==}

  magic-string@0.30.21:
    resolution: {integrity: sha512-vd2F4YUyEXKGcLHoq+TEyCjxueSeHnFxyyjNp80yg0XV4vUhnDer/lvvlqM/arB5bXQN5K2/3oinyCRyx8T2CQ==}

  mlly@1.8.2:
    resolution: {integrity: sha512-d+ObxMQFmbt10sretNDytwt85VrbkhhUA/JBGm1MPaWJ65Cl4wOgLaB1NYvJSZ0Ef03MMEU/0xpPMXUIQ29UfA==}

  nanoid@3.3.11:
    resolution: {integrity: sha512-N8SpfPUnUp1bK+PMYW8qSWdl9U+wwNWI4QKxOYDy9JAro3WMX7p2OeVRF9v+347pnakNevPmiHhNmZ2HbFA76w==}
    engines: {node: ^10 || ^12 || ^13.7 || ^14 || >=15.0.1}
    hasBin: true

  obug@2.1.1:
    resolution: {integrity: sha512-uTqF9MuPraAQ+IsnPf366RG4cP9RtUi7MLO1N3KEc+wb0a6yKpeL0lmk2IB1jY5KHPAlTc6T/JRdC/YqxHNwkQ==}

  oxc-parser@0.124.0:
    resolution: {integrity: sha512-h07SFj/tp2U3cf3+LFX6MmOguQiM9ahwpGs0ZK5CGhgL8p4kk24etrJKsEzhXAvo7mfvoKTZooZ5MLKAPRmJ1g==}
    engines: {node: ^20.19.0 || >=22.12.0}

  oxc-transform@0.124.0:
    resolution: {integrity: sha512-uxVsQFZAaMv4cL3ijc1tx0WczUoBJBbwIFbtTf2QOdRww1s12Ib8dGc5Og63Fh4tmHt9ajYu+9BjxCRSL0b9/g==}
    engines: {node: ^20.19.0 || >=22.12.0}

  oxc-walker@0.7.0:
    resolution: {integrity: sha512-54B4KUhrzbzc4sKvKwVYm7E2PgeROpGba0/2nlNZMqfDyca+yOor5IMb4WLGBatGDT0nkzYdYuzylg7n3YfB7A==}
    peerDependencies:
      oxc-parser: '>=0.98.0'

  pathe@2.0.3:
    resolution: {integrity: sha512-WUjGcAqP1gQacoQe+OBJsFA7Ld4DyXuUIjZ5cc75cLHvJ7dtNsTugphxIADwspS+AraAUePCKrSVtPLFj/F88w==}

  picocolors@1.1.1:
    resolution: {integrity: sha512-xceH2snhtb5M9liqDsmEw56le376mTZkEX/jEb/RxNFyegNul7eNslCXP9FDj/Lcu0X8KEyMceP2ntpaHrDEVA==}

  picomatch@4.0.4:
    resolution: {integrity: sha512-QP88BAKvMam/3NxH6vj2o21R6MjxZUAd6nlwAS/pnGvN9IVLocLHxGYIzFhg6fUQ+5th6P4dv4eW9jX3DSIj7A==}
    engines: {node: '>=12'}

  pkg-types@1.3.1:
    resolution: {integrity: sha512-/Jm5M4RvtBFVkKWRu2BLUTNP8/M2a+UwuAX+ae4770q1qVGtfjG+WTCupoZixokjmHiry8uI+dlY8KXYV5HVVQ==}

  postcss@8.5.9:
    resolution: {integrity: sha512-7a70Nsot+EMX9fFU3064K/kdHWZqGVY+BADLyXc8Dfv+mTLLVl6JzJpPaCZ2kQL9gIJvKXSLMHhqdRRjwQeFtw==}
    engines: {node: ^10 || ^12 || >=14}

  regexp-tree@0.1.27:
    resolution: {integrity: sha512-iETxpjK6YoRWJG5o6hXLwvjYAoW+FEZn9os0PD/b6AP6xQwsa/Y7lCVgIixBbUPMfhu+i2LtdeAqVTgGlQarfA==}
    hasBin: true

  rolldown@1.0.0-rc.15:
    resolution: {integrity: sha512-Ff31guA5zT6WjnGp0SXw76X6hzGRk/OQq2hE+1lcDe+lJdHSgnSX6nK3erbONHyCbpSj9a9E+uX/OvytZoWp2g==}
    engines: {node: ^20.19.0 || >=22.12.0}
    hasBin: true

  siginfo@2.0.0:
    resolution: {integrity: sha512-ybx0WO1/8bSBLEWXZvEd7gMW3Sn3JFlW3TvX1nREbDLRNQNaeNN8WK0meBwPdAaOI7TtRRRJn/Es1zhrrCHu7g==}

  siphash@1.2.0:
    resolution: {integrity: sha512-zGo/O5A0Nr4oSteEAMlhemqQpCBbVTRaTjUQdO+QFUqe1iofq/NNPe2W1RxJreh89fIk6NhQcNi41UeTGCvr+g==}

  source-map-js@1.2.1:
    resolution: {integrity: sha512-UXWMKhLOwVKb728IUtQPXxfYU+usdybtUrK/8uGE8CQMvrhOpwvzDBwj0QhSL7MQc7vIsISBG8VQ8+IDQxpfQA==}
    engines: {node: '>=0.10.0'}

  stackback@0.0.2:
    resolution: {integrity: sha512-1XMJE5fQo1jGH6Y/7ebnwPOBEkIEnT4QF32d5R1+VXdXveM0IBMJt8zfaxX1P3QhVwrYe+576+jkANtSS2mBbw==}

  std-env@4.0.0:
    resolution: {integrity: sha512-zUMPtQ/HBY3/50VbpkupYHbRroTRZJPRLvreamgErJVys0ceuzMkD44J/QjqhHjOzK42GQ3QZIeFG1OYfOtKqQ==}

  tinybench@2.9.0:
    resolution: {integrity: sha512-0+DUvqWMValLmha6lr4kD8iAMK1HzV0/aKnCtWb9v9641TnP/MFb7Pc2bxoxQjTXAErryXVgUOfv2YqNllqGeg==}

  tinyexec@1.1.1:
    resolution: {integrity: sha512-VKS/ZaQhhkKFMANmAOhhXVoIfBXblQxGX1myCQ2faQrfmobMftXeJPcZGp0gS07ocvGJWDLZGyOZDadDBqYIJg==}
    engines: {node: '>=18'}

  tinyglobby@0.2.16:
    resolution: {integrity: sha512-pn99VhoACYR8nFHhxqix+uvsbXineAasWm5ojXoN8xEwK5Kd3/TrhNn1wByuD52UxWRLy8pu+kRMniEi6Eq9Zg==}
    engines: {node: '>=12.0.0'}

  tinyrainbow@3.1.0:
    resolution: {integrity: sha512-Bf+ILmBgretUrdJxzXM0SgXLZ3XfiaUuOj/IKQHuTXip+05Xn+uyEYdVg0kYDipTBcLrCVyUzAPz7QmArb0mmw==}
    engines: {node: '>=14.0.0'}

  tslib@2.8.1:
    resolution: {integrity: sha512-oJFu94HQb+KVduSUQL7wnpmqnfmLsOA/nAh6b6EH0wCEoK0/mPeXU6c3wKDV83MkOuHPRHtSXKKU99IBazS/2w==}

  type-level-regexp@0.1.17:
    resolution: {integrity: sha512-wTk4DH3cxwk196uGLK/E9pE45aLfeKJacKmcEgEOA/q5dnPGNxXt0cfYdFxb57L+sEpf1oJH4Dnx/pnRcku9jg==}

  typescript@5.9.3:
    resolution: {integrity: sha512-jl1vZzPDinLr9eUt3J/t7V6FgNEw9QjvBPdysz9KfQDD41fQrC2Y4vKQdiaUpFT4bXlb1RHhLpp8wtm6M5TgSw==}
    engines: {node: '>=14.17'}
    hasBin: true

  ufo@1.6.3:
    resolution: {integrity: sha512-yDJTmhydvl5lJzBmy/hyOAA0d+aqCBuwl818haVdYCRrWV84o7YyeVm4QlVHStqNrrJSTb6jKuFAVqAFsr+K3Q==}

  undici-types@7.19.2:
    resolution: {integrity: sha512-qYVnV5OEm2AW8cJMCpdV20CDyaN3g0AjDlOGf1OW4iaDEx8MwdtChUp4zu4H0VP3nDRF/8RKWH+IPp9uW0YGZg==}

  unplugin@2.3.11:
    resolution: {integrity: sha512-5uKD0nqiYVzlmCRs01Fhs2BdkEgBS3SAVP6ndrBsuK42iC2+JHyxM05Rm9G8+5mkmRtzMZGY8Ct5+mliZxU/Ww==}
    engines: {node: '>=18.12.0'}

  unplugin@3.0.0:
    resolution: {integrity: sha512-0Mqk3AT2TZCXWKdcoaufeXNukv2mTrEZExeXlHIOZXdqYoHHr4n51pymnwV8x2BOVxwXbK2HLlI7usrqMpycdg==}
    engines: {node: ^20.19.0 || >=22.12.0}

  vite@8.0.8:
    resolution: {integrity: sha512-dbU7/iLVa8KZALJyLOBOQ88nOXtNG8vxKuOT4I2mD+Ya70KPceF4IAmDsmU0h1Qsn5bPrvsY9HJstCRh3hG6Uw==}
    engines: {node: ^20.19.0 || >=22.12.0}
    hasBin: true
    peerDependencies:
      '@types/node': ^20.19.0 || >=22.12.0
      '@vitejs/devtools': ^0.1.0
      esbuild: ^0.27.0 || ^0.28.0
      jiti: '>=1.21.0'
      less: ^4.0.0
      sass: ^1.70.0
      sass-embedded: ^1.70.0
      stylus: '>=0.54.8'
      sugarss: ^5.0.0
      terser: ^5.16.0
      tsx: ^4.8.1
      yaml: ^2.4.2
    peerDependenciesMeta:
      '@types/node':
        optional: true
      '@vitejs/devtools':
        optional: true
      esbuild:
        optional: true
      jiti:
        optional: true
      less:
        optional: true
      sass:
        optional: true
      sass-embedded:
        optional: true
      stylus:
        optional: true
      sugarss:
        optional: true
      terser:
        optional: true
      tsx:
        optional: true
      yaml:
        optional: true

  vitest@4.1.4:
    resolution: {integrity: sha512-tFuJqTxKb8AvfyqMfnavXdzfy3h3sWZRWwfluGbkeR7n0HUev+FmNgZ8SDrRBTVrVCjgH5cA21qGbCffMNtWvg==}
    engines: {node: ^20.0.0 || ^22.0.0 || >=24.0.0}
    hasBin: true
    peerDependencies:
      '@edge-runtime/vm': '*'
      '@opentelemetry/api': ^1.9.0
      '@types/node': ^20.0.0 || ^22.0.0 || >=24.0.0
      '@vitest/browser-playwright': 4.1.4
      '@vitest/browser-preview': 4.1.4
      '@vitest/browser-webdriverio': 4.1.4
      '@vitest/coverage-istanbul': 4.1.4
      '@vitest/coverage-v8': 4.1.4
      '@vitest/ui': 4.1.4
      happy-dom: '*'
      jsdom: '*'
      vite: ^6.0.0 || ^7.0.0 || ^8.0.0
    peerDependenciesMeta:
      '@edge-runtime/vm':
        optional: true
      '@opentelemetry/api':
        optional: true
      '@types/node':
        optional: true
      '@vitest/browser-playwright':
        optional: true
      '@vitest/browser-preview':
        optional: true
      '@vitest/browser-webdriverio':
        optional: true
      '@vitest/coverage-istanbul':
        optional: true
      '@vitest/coverage-v8':
        optional: true
      '@vitest/ui':
        optional: true
      happy-dom:
        optional: true
      jsdom:
        optional: true

  webpack-virtual-modules@0.6.2:
    resolution: {integrity: sha512-66/V2i5hQanC51vBQKPH4aI8NMAcBW59FVBs+rC7eGHupMyfn34q7rZIE+ETlJ+XTevqfUhVVBgSUNSW2flEUQ==}

  why-is-node-running@2.3.0:
    resolution: {integrity: sha512-hUrmaWBdVDcxvYqnyh09zunKzROWjbZTiNy8dBEjkS7ehEDQibXJ7XvlmtbwuTclUiIyN+CyXQD4Vmko8fNm8w==}
    engines: {node: '>=8'}
    hasBin: true

snapshots:

  '@emnapi/core@1.9.2':
    dependencies:
      '@emnapi/wasi-threads': 1.2.1
      tslib: 2.8.1
    optional: true

  '@emnapi/runtime@1.9.2':
    dependencies:
      tslib: 2.8.1
    optional: true

  '@emnapi/wasi-threads@1.2.1':
    dependencies:
      tslib: 2.8.1
    optional: true

  '@jridgewell/gen-mapping@0.3.13':
    dependencies:
      '@jridgewell/sourcemap-codec': 1.5.5
      '@jridgewell/trace-mapping': 0.3.31

  '@jridgewell/remapping@2.3.5':
    dependencies:
      '@jridgewell/gen-mapping': 0.3.13
      '@jridgewell/trace-mapping': 0.3.31

  '@jridgewell/resolve-uri@3.1.2': {}

  '@jridgewell/sourcemap-codec@1.5.5': {}

  '@jridgewell/trace-mapping@0.3.31':
    dependencies:
      '@jridgewell/resolve-uri': 3.1.2
      '@jridgewell/sourcemap-codec': 1.5.5

  '@napi-rs/wasm-runtime@1.1.3(@emnapi/core@1.9.2)(@emnapi/runtime@1.9.2)':
    dependencies:
      '@emnapi/core': 1.9.2
      '@emnapi/runtime': 1.9.2
      '@tybys/wasm-util': 0.10.1
    optional: true

  '@oxc-parser/binding-android-arm-eabi@0.124.0':
    optional: true

  '@oxc-parser/binding-android-arm64@0.124.0':
    optional: true

  '@oxc-parser/binding-darwin-arm64@0.124.0':
    optional: true

  '@oxc-parser/binding-darwin-x64@0.124.0':
    optional: true

  '@oxc-parser/binding-freebsd-x64@0.124.0':
    optional: true

  '@oxc-parser/binding-linux-arm-gnueabihf@0.124.0':
    optional: true

  '@oxc-parser/binding-linux-arm-musleabihf@0.124.0':
    optional: true

  '@oxc-parser/binding-linux-arm64-gnu@0.124.0':
    optional: true

  '@oxc-parser/binding-linux-arm64-musl@0.124.0':
    optional: true

  '@oxc-parser/binding-linux-ppc64-gnu@0.124.0':
    optional: true

  '@oxc-parser/binding-linux-riscv64-gnu@0.124.0':
    optional: true

  '@oxc-parser/binding-linux-riscv64-musl@0.124.0':
    optional: true

  '@oxc-parser/binding-linux-s390x-gnu@0.124.0':
    optional: true

  '@oxc-parser/binding-linux-x64-gnu@0.124.0':
    optional: true

  '@oxc-parser/binding-linux-x64-musl@0.124.0':
    optional: true

  '@oxc-parser/binding-openharmony-arm64@0.124.0':
    optional: true

  '@oxc-parser/binding-wasm32-wasi@0.124.0(@emnapi/core@1.9.2)(@emnapi/runtime@1.9.2)':
    dependencies:
      '@napi-rs/wasm-runtime': 1.1.3(@emnapi/core@1.9.2)(@emnapi/runtime@1.9.2)
    transitivePeerDependencies:
      - '@emnapi/core'
      - '@emnapi/runtime'
    optional: true

  '@oxc-parser/binding-win32-arm64-msvc@0.124.0':
    optional: true

  '@oxc-parser/binding-win32-ia32-msvc@0.124.0':
    optional: true

  '@oxc-parser/binding-win32-x64-msvc@0.124.0':
    optional: true

  '@oxc-project/types@0.124.0': {}

  '@oxc-transform/binding-android-arm-eabi@0.124.0':
    optional: true

  '@oxc-transform/binding-android-arm64@0.124.0':
    optional: true

  '@oxc-transform/binding-darwin-arm64@0.124.0':
    optional: true

  '@oxc-transform/binding-darwin-x64@0.124.0':
    optional: true

  '@oxc-transform/binding-freebsd-x64@0.124.0':
    optional: true

  '@oxc-transform/binding-linux-arm-gnueabihf@0.124.0':
    optional: true

  '@oxc-transform/binding-linux-arm-musleabihf@0.124.0':
    optional: true

  '@oxc-transform/binding-linux-arm64-gnu@0.124.0':
    optional: true

  '@oxc-transform/binding-linux-arm64-musl@0.124.0':
    optional: true

  '@oxc-transform/binding-linux-ppc64-gnu@0.124.0':
    optional: true

  '@oxc-transform/binding-linux-riscv64-gnu@0.124.0':
    optional: true

  '@oxc-transform/binding-linux-riscv64-musl@0.124.0':
    optional: true

  '@oxc-transform/binding-linux-s390x-gnu@0.124.0':
    optional: true

  '@oxc-transform/binding-linux-x64-gnu@0.124.0':
    optional: true

  '@oxc-transform/binding-linux-x64-musl@0.124.0':
    optional: true

  '@oxc-transform/binding-openharmony-arm64@0.124.0':
    optional: true

  '@oxc-transform/binding-wasm32-wasi@0.124.0(@emnapi/core@1.9.2)(@emnapi/runtime@1.9.2)':
    dependencies:
      '@napi-rs/wasm-runtime': 1.1.3(@emnapi/core@1.9.2)(@emnapi/runtime@1.9.2)
    transitivePeerDependencies:
      - '@emnapi/core'
      - '@emnapi/runtime'
    optional: true

  '@oxc-transform/binding-win32-arm64-msvc@0.124.0':
    optional: true

  '@oxc-transform/binding-win32-ia32-msvc@0.124.0':
    optional: true

  '@oxc-transform/binding-win32-x64-msvc@0.124.0':
    optional: true

  '@rolldown/binding-android-arm64@1.0.0-rc.15':
    optional: true

  '@rolldown/binding-darwin-arm64@1.0.0-rc.15':
    optional: true

  '@rolldown/binding-darwin-x64@1.0.0-rc.15':
    optional: true

  '@rolldown/binding-freebsd-x64@1.0.0-rc.15':
    optional: true

  '@rolldown/binding-linux-arm-gnueabihf@1.0.0-rc.15':
    optional: true

  '@rolldown/binding-linux-arm64-gnu@1.0.0-rc.15':
    optional: true

  '@rolldown/binding-linux-arm64-musl@1.0.0-rc.15':
    optional: true

  '@rolldown/binding-linux-ppc64-gnu@1.0.0-rc.15':
    optional: true

  '@rolldown/binding-linux-s390x-gnu@1.0.0-rc.15':
    optional: true

  '@rolldown/binding-linux-x64-gnu@1.0.0-rc.15':
    optional: true

  '@rolldown/binding-linux-x64-musl@1.0.0-rc.15':
    optional: true

  '@rolldown/binding-openharmony-arm64@1.0.0-rc.15':
    optional: true

  '@rolldown/binding-wasm32-wasi@1.0.0-rc.15':
    dependencies:
      '@emnapi/core': 1.9.2
      '@emnapi/runtime': 1.9.2
      '@napi-rs/wasm-runtime': 1.1.3(@emnapi/core@1.9.2)(@emnapi/runtime@1.9.2)
    optional: true

  '@rolldown/binding-win32-arm64-msvc@1.0.0-rc.15':
    optional: true

  '@rolldown/binding-win32-x64-msvc@1.0.0-rc.15':
    optional: true

  '@rolldown/pluginutils@1.0.0-rc.15': {}

  '@standard-schema/spec@1.1.0': {}

  '@tybys/wasm-util@0.10.1':
    dependencies:
      tslib: 2.8.1
    optional: true

  '@types/chai@5.2.3':
    dependencies:
      '@types/deep-eql': 4.0.2
      assertion-error: 2.0.1

  '@types/deep-eql@4.0.2': {}

  '@types/estree@1.0.8': {}

  '@types/node@25.6.0':
    dependencies:
      undici-types: 7.19.2

  '@vitest/expect@4.1.4':
    dependencies:
      '@standard-schema/spec': 1.1.0
      '@types/chai': 5.2.3
      '@vitest/spy': 4.1.4
      '@vitest/utils': 4.1.4
      chai: 6.2.2
      tinyrainbow: 3.1.0

  '@vitest/mocker@4.1.4(vite@8.0.8(@types/node@25.6.0))':
    dependencies:
      '@vitest/spy': 4.1.4
      estree-walker: 3.0.3
      magic-string: 0.30.21
    optionalDependencies:
      vite: 8.0.8(@types/node@25.6.0)

  '@vitest/pretty-format@4.1.4':
    dependencies:
      tinyrainbow: 3.1.0

  '@vitest/runner@4.1.4':
    dependencies:
      '@vitest/utils': 4.1.4
      pathe: 2.0.3

  '@vitest/snapshot@4.1.4':
    dependencies:
      '@vitest/pretty-format': 4.1.4
      '@vitest/utils': 4.1.4
      magic-string: 0.30.21
      pathe: 2.0.3

  '@vitest/spy@4.1.4': {}

  '@vitest/utils@4.1.4':
    dependencies:
      '@vitest/pretty-format': 4.1.4
      convert-source-map: 2.0.0
      tinyrainbow: 3.1.0

  acorn@8.16.0: {}

  assertion-error@2.0.1: {}

  chai@6.2.2: {}

  confbox@0.1.8: {}

  convert-source-map@2.0.0: {}

  detect-libc@2.1.2: {}

  es-module-lexer@2.0.0: {}

  estree-walker@3.0.3:
    dependencies:
      '@types/estree': 1.0.8

  expect-type@1.3.0: {}

  fast-deep-equal@3.1.3: {}

  fdir@6.5.0(picomatch@4.0.4):
    optionalDependencies:
      picomatch: 4.0.4

  fsevents@2.3.3:
    optional: true

  lightningcss-android-arm64@1.32.0:
    optional: true

  lightningcss-darwin-arm64@1.32.0:
    optional: true

  lightningcss-darwin-x64@1.32.0:
    optional: true

  lightningcss-freebsd-x64@1.32.0:
    optional: true

  lightningcss-linux-arm-gnueabihf@1.32.0:
    optional: true

  lightningcss-linux-arm64-gnu@1.32.0:
    optional: true

  lightningcss-linux-arm64-musl@1.32.0:
    optional: true

  lightningcss-linux-x64-gnu@1.32.0:
    optional: true

  lightningcss-linux-x64-musl@1.32.0:
    optional: true

  lightningcss-win32-arm64-msvc@1.32.0:
    optional: true

  lightningcss-win32-x64-msvc@1.32.0:
    optional: true

  lightningcss@1.32.0:
    dependencies:
      detect-libc: 2.1.2
    optionalDependencies:
      lightningcss-android-arm64: 1.32.0
      lightningcss-darwin-arm64: 1.32.0
      lightningcss-darwin-x64: 1.32.0
      lightningcss-freebsd-x64: 1.32.0
      lightningcss-linux-arm-gnueabihf: 1.32.0
      lightningcss-linux-arm64-gnu: 1.32.0
      lightningcss-linux-arm64-musl: 1.32.0
      lightningcss-linux-x64-gnu: 1.32.0
      lightningcss-linux-x64-musl: 1.32.0
      lightningcss-win32-arm64-msvc: 1.32.0
      lightningcss-win32-x64-msvc: 1.32.0

  magic-regexp@0.10.0:
    dependencies:
      estree-walker: 3.0.3
      magic-string: 0.30.21
      mlly: 1.8.2
      regexp-tree: 0.1.27
      type-level-regexp: 0.1.17
      ufo: 1.6.3
      unplugin: 2.3.11

  magic-regexp@0.11.0:
    dependencies:
      magic-string: 0.30.21
      regexp-tree: 0.1.27
      type-level-regexp: 0.1.17
      unplugin: 3.0.0

  magic-string@0.30.21:
    dependencies:
      '@jridgewell/sourcemap-codec': 1.5.5

  mlly@1.8.2:
    dependencies:
      acorn: 8.16.0
      pathe: 2.0.3
      pkg-types: 1.3.1
      ufo: 1.6.3

  nanoid@3.3.11: {}

  obug@2.1.1: {}

  oxc-parser@0.124.0(@emnapi/core@1.9.2)(@emnapi/runtime@1.9.2):
    dependencies:
      '@oxc-project/types': 0.124.0
    optionalDependencies:
      '@oxc-parser/binding-android-arm-eabi': 0.124.0
      '@oxc-parser/binding-android-arm64': 0.124.0
      '@oxc-parser/binding-darwin-arm64': 0.124.0
      '@oxc-parser/binding-darwin-x64': 0.124.0
      '@oxc-parser/binding-freebsd-x64': 0.124.0
      '@oxc-parser/binding-linux-arm-gnueabihf': 0.124.0
      '@oxc-parser/binding-linux-arm-musleabihf': 0.124.0
      '@oxc-parser/binding-linux-arm64-gnu': 0.124.0
      '@oxc-parser/binding-linux-arm64-musl': 0.124.0
      '@oxc-parser/binding-linux-ppc64-gnu': 0.124.0
      '@oxc-parser/binding-linux-riscv64-gnu': 0.124.0
      '@oxc-parser/binding-linux-riscv64-musl': 0.124.0
      '@oxc-parser/binding-linux-s390x-gnu': 0.124.0
      '@oxc-parser/binding-linux-x64-gnu': 0.124.0
      '@oxc-parser/binding-linux-x64-musl': 0.124.0
      '@oxc-parser/binding-openharmony-arm64': 0.124.0
      '@oxc-parser/binding-wasm32-wasi': 0.124.0(@emnapi/core@1.9.2)(@emnapi/runtime@1.9.2)
      '@oxc-parser/binding-win32-arm64-msvc': 0.124.0
      '@oxc-parser/binding-win32-ia32-msvc': 0.124.0
      '@oxc-parser/binding-win32-x64-msvc': 0.124.0
    transitivePeerDependencies:
      - '@emnapi/core'
      - '@emnapi/runtime'

  oxc-transform@0.124.0(@emnapi/core@1.9.2)(@emnapi/runtime@1.9.2):
    optionalDependencies:
      '@oxc-transform/binding-android-arm-eabi': 0.124.0
      '@oxc-transform/binding-android-arm64': 0.124.0
      '@oxc-transform/binding-darwin-arm64': 0.124.0
      '@oxc-transform/binding-darwin-x64': 0.124.0
      '@oxc-transform/binding-freebsd-x64': 0.124.0
      '@oxc-transform/binding-linux-arm-gnueabihf': 0.124.0
      '@oxc-transform/binding-linux-arm-musleabihf': 0.124.0
      '@oxc-transform/binding-linux-arm64-gnu': 0.124.0
      '@oxc-transform/binding-linux-arm64-musl': 0.124.0
      '@oxc-transform/binding-linux-ppc64-gnu': 0.124.0
      '@oxc-transform/binding-linux-riscv64-gnu': 0.124.0
      '@oxc-transform/binding-linux-riscv64-musl': 0.124.0
      '@oxc-transform/binding-linux-s390x-gnu': 0.124.0
      '@oxc-transform/binding-linux-x64-gnu': 0.124.0
      '@oxc-transform/binding-linux-x64-musl': 0.124.0
      '@oxc-transform/binding-openharmony-arm64': 0.124.0
      '@oxc-transform/binding-wasm32-wasi': 0.124.0(@emnapi/core@1.9.2)(@emnapi/runtime@1.9.2)
      '@oxc-transform/binding-win32-arm64-msvc': 0.124.0
      '@oxc-transform/binding-win32-ia32-msvc': 0.124.0
      '@oxc-transform/binding-win32-x64-msvc': 0.124.0
    transitivePeerDependencies:
      - '@emnapi/core'
      - '@emnapi/runtime'

  oxc-walker@0.7.0(oxc-parser@0.124.0(@emnapi/core@1.9.2)(@emnapi/runtime@1.9.2)):
    dependencies:
      magic-regexp: 0.10.0
      oxc-parser: 0.124.0(@emnapi/core@1.9.2)(@emnapi/runtime@1.9.2)

  pathe@2.0.3: {}

  picocolors@1.1.1: {}

  picomatch@4.0.4: {}

  pkg-types@1.3.1:
    dependencies:
      confbox: 0.1.8
      mlly: 1.8.2
      pathe: 2.0.3

  postcss@8.5.9:
    dependencies:
      nanoid: 3.3.11
      picocolors: 1.1.1
      source-map-js: 1.2.1

  regexp-tree@0.1.27: {}

  rolldown@1.0.0-rc.15:
    dependencies:
      '@oxc-project/types': 0.124.0
      '@rolldown/pluginutils': 1.0.0-rc.15
    optionalDependencies:
      '@rolldown/binding-android-arm64': 1.0.0-rc.15
      '@rolldown/binding-darwin-arm64': 1.0.0-rc.15
      '@rolldown/binding-darwin-x64': 1.0.0-rc.15
      '@rolldown/binding-freebsd-x64': 1.0.0-rc.15
      '@rolldown/binding-linux-arm-gnueabihf': 1.0.0-rc.15
      '@rolldown/binding-linux-arm64-gnu': 1.0.0-rc.15
      '@rolldown/binding-linux-arm64-musl': 1.0.0-rc.15
      '@rolldown/binding-linux-ppc64-gnu': 1.0.0-rc.15
      '@rolldown/binding-linux-s390x-gnu': 1.0.0-rc.15
      '@rolldown/binding-linux-x64-gnu': 1.0.0-rc.15
      '@rolldown/binding-linux-x64-musl': 1.0.0-rc.15
      '@rolldown/binding-openharmony-arm64': 1.0.0-rc.15
      '@rolldown/binding-wasm32-wasi': 1.0.0-rc.15
      '@rolldown/binding-win32-arm64-msvc': 1.0.0-rc.15
      '@rolldown/binding-win32-x64-msvc': 1.0.0-rc.15

  siginfo@2.0.0: {}

  siphash@1.2.0: {}

  source-map-js@1.2.1: {}

  stackback@0.0.2: {}

  std-env@4.0.0: {}

  tinybench@2.9.0: {}

  tinyexec@1.1.1: {}

  tinyglobby@0.2.16:
    dependencies:
      fdir: 6.5.0(picomatch@4.0.4)
      picomatch: 4.0.4

  tinyrainbow@3.1.0: {}

  tslib@2.8.1:
    optional: true

  type-level-regexp@0.1.17: {}

  typescript@5.9.3: {}

  ufo@1.6.3: {}

  undici-types@7.19.2: {}

  unplugin@2.3.11:
    dependencies:
      '@jridgewell/remapping': 2.3.5
      acorn: 8.16.0
      picomatch: 4.0.4
      webpack-virtual-modules: 0.6.2

  unplugin@3.0.0:
    dependencies:
      '@jridgewell/remapping': 2.3.5
      picomatch: 4.0.4
      webpack-virtual-modules: 0.6.2

  vite@8.0.8(@types/node@25.6.0):
    dependencies:
      lightningcss: 1.32.0
      picomatch: 4.0.4
      postcss: 8.5.9
      rolldown: 1.0.0-rc.15
      tinyglobby: 0.2.16
    optionalDependencies:
      '@types/node': 25.6.0
      fsevents: 2.3.3

  vitest@4.1.4(@types/node@25.6.0)(vite@8.0.8(@types/node@25.6.0)):
    dependencies:
      '@vitest/expect': 4.1.4
      '@vitest/mocker': 4.1.4(vite@8.0.8(@types/node@25.6.0))
      '@vitest/pretty-format': 4.1.4
      '@vitest/runner': 4.1.4
      '@vitest/snapshot': 4.1.4
      '@vitest/spy': 4.1.4
      '@vitest/utils': 4.1.4
      es-module-lexer: 2.0.0
      expect-type: 1.3.0
      magic-string: 0.30.21
      obug: 2.1.1
      pathe: 2.0.3
      picomatch: 4.0.4
      std-env: 4.0.0
      tinybench: 2.9.0
      tinyexec: 1.1.1
      tinyglobby: 0.2.16
      tinyrainbow: 3.1.0
      vite: 8.0.8(@types/node@25.6.0)
      why-is-node-running: 2.3.0
    optionalDependencies:
      '@types/node': 25.6.0
    transitivePeerDependencies:
      - msw

  webpack-virtual-modules@0.6.2: {}

  why-is-node-running@2.3.0:
    dependencies:
      siginfo: 2.0.0
      stackback: 0.0.2
